// !$*UTF8*$!
{
	archiveVersion = 1;
	classes = {
	};
	objectVersion = 56;
	objects = {

/* Begin PBXBuildFile section */
		50207CE62C2EEEA10027F2B6 /* MainViewBuilder.swift in Sources */ = {isa = PBXBuildFile; fileRef = 50207CE52C2EEEA10027F2B6 /* MainViewBuilder.swift */; };
		50207CE82C2EF1060027F2B6 /* MapListViewBuilder.swift in Sources */ = {isa = PBXBuildFile; fileRef = 50207CE72C2EF1060027F2B6 /* MapListViewBuilder.swift */; };
		50207CEA2C2EF2650027F2B6 /* ContactViewBuilder.swift in Sources */ = {isa = PBXBuildFile; fileRef = 50207CE92C2EF2650027F2B6 /* ContactViewBuilder.swift */; };
		50207CF82C3009E30027F2B6 /* trips.json in Resources */ = {isa = PBXBuildFile; fileRef = 50207CF02C3009E30027F2B6 /* trips.json */; };
		50207CFB2C3009E30027F2B6 /* URLProtocolMock.swift in Sources */ = {isa = PBXBuildFile; fileRef = 50207CF32C3009E30027F2B6 /* URLProtocolMock.swift */; };
		50207CFD2C3009E30027F2B6 /* URLSessionMock.swift in Sources */ = {isa = PBXBuildFile; fileRef = 50207CF52C3009E30027F2B6 /* URLSessionMock.swift */; };
		50207D002C300A610027F2B6 /* stops.json in Resources */ = {isa = PBXBuildFile; fileRef = 50207CFF2C300A610027F2B6 /* stops.json */; };
		50207D022C300B720027F2B6 /* MapListViewModelTests.swift in Sources */ = {isa = PBXBuildFile; fileRef = 50207D012C300B720027F2B6 /* MapListViewModelTests.swift */; };
		50207D042C300BCF0027F2B6 /* TripsDataManagerMock.swift in Sources */ = {isa = PBXBuildFile; fileRef = 50207D032C300BCF0027F2B6 /* TripsDataManagerMock.swift */; };
		50207D062C300BE40027F2B6 /* StopsDataManager.swift in Sources */ = {isa = PBXBuildFile; fileRef = 50207D052C300BE40027F2B6 /* StopsDataManager.swift */; };
		50207D082C300CC20027F2B6 /* TripsMock.swift in Sources */ = {isa = PBXBuildFile; fileRef = 50207D072C300CC20027F2B6 /* TripsMock.swift */; };
		50207D0A2C30100C0027F2B6 /* StopsDataManagerMock.swift in Sources */ = {isa = PBXBuildFile; fileRef = 50207D092C30100C0027F2B6 /* StopsDataManagerMock.swift */; };
		50207D0C2C30104C0027F2B6 /* StopsMock.swift in Sources */ = {isa = PBXBuildFile; fileRef = 50207D0B2C30104C0027F2B6 /* StopsMock.swift */; };
		50207D0E2C303D8B0027F2B6 /* Extensions.swift in Sources */ = {isa = PBXBuildFile; fileRef = 50207D0D2C303D8B0027F2B6 /* Extensions.swift */; };
		50207D102C306E010027F2B6 /* ContactViewModelTests.swift in Sources */ = {isa = PBXBuildFile; fileRef = 50207D0F2C306E010027F2B6 /* ContactViewModelTests.swift */; };
		50207D122C306E4E0027F2B6 /* NotificationsCenterMock.swift in Sources */ = {isa = PBXBuildFile; fileRef = 50207D112C306E4E0027F2B6 /* NotificationsCenterMock.swift */; };
		50207D142C30756B0027F2B6 /* UserDefaultsManager.swift in Sources */ = {isa = PBXBuildFile; fileRef = 50207D132C30756B0027F2B6 /* UserDefaultsManager.swift */; };
		50207D162C307C7C0027F2B6 /* UserDefaultsManagerMock.swift in Sources */ = {isa = PBXBuildFile; fileRef = 50207D152C307C7C0027F2B6 /* UserDefaultsManagerMock.swift */; };
		50207D182C307E9A0027F2B6 /* ContactMock.swift in Sources */ = {isa = PBXBuildFile; fileRef = 50207D172C307E9A0027F2B6 /* ContactMock.swift */; };
		50207D1A2C308D410027F2B6 /* UserDefaultsManagerTests.swift in Sources */ = {isa = PBXBuildFile; fileRef = 50207D192C308D410027F2B6 /* UserDefaultsManagerTests.swift */; };
		50207D1E2C316BA90027F2B6 /* CustomDatePicker.swift in Sources */ = {isa = PBXBuildFile; fileRef = 50207D1D2C316BA90027F2B6 /* CustomDatePicker.swift */; };
		50207D212C317A640027F2B6 /* Strings.swift in Sources */ = {isa = PBXBuildFile; fileRef = 50207D202C317A640027F2B6 /* Strings.swift */; };
		50207D232C31830F0027F2B6 /* TripsDataManagerTests.swift in Sources */ = {isa = PBXBuildFile; fileRef = 50207D222C31830F0027F2B6 /* TripsDataManagerTests.swift */; };
		50207D252C3185810027F2B6 /* StopsDataManagerTests.swift in Sources */ = {isa = PBXBuildFile; fileRef = 50207D242C3185810027F2B6 /* StopsDataManagerTests.swift */; };
		505130D92C2D825F00741634 /* String.swift in Sources */ = {isa = PBXBuildFile; fileRef = 505130D82C2D825F00741634 /* String.swift */; };
		505130DB2C2D8C7700741634 /* Double+Currency.swift in Sources */ = {isa = PBXBuildFile; fileRef = 505130DA2C2D8C7700741634 /* Double+Currency.swift */; };
		508C7A8B2C2C268F00FFB8A7 /* Polyline in Frameworks */ = {isa = PBXBuildFile; productRef = 508C7A8A2C2C268F00FFB8A7 /* Polyline */; };
		508C7A922C2CAE9B00FFB8A7 /* Stop.swift in Sources */ = {isa = PBXBuildFile; fileRef = 508C7A912C2CAE9B00FFB8A7 /* Stop.swift */; };
		508DD9622C2DAAC2005911CF /* StopInfoView.swift in Sources */ = {isa = PBXBuildFile; fileRef = 508DD9612C2DAAC2005911CF /* StopInfoView.swift */; };
		508DD9642C2DABB8005911CF /* Constants.swift in Sources */ = {isa = PBXBuildFile; fileRef = 508DD9632C2DABB8005911CF /* Constants.swift */; };
		508DD9692C2DC651005911CF /* ContactView.swift in Sources */ = {isa = PBXBuildFile; fileRef = 508DD9682C2DC651005911CF /* ContactView.swift */; };
		508DD96B2C2DE923005911CF /* ContactViewModel.swift in Sources */ = {isa = PBXBuildFile; fileRef = 508DD96A2C2DE923005911CF /* ContactViewModel.swift */; };
		508DD96D2C2DF34D005911CF /* Contact.swift in Sources */ = {isa = PBXBuildFile; fileRef = 508DD96C2C2DF34D005911CF /* Contact.swift */; };
		508DD96F2C2DF62B005911CF /* NotificationsCenter.swift in Sources */ = {isa = PBXBuildFile; fileRef = 508DD96E2C2DF62B005911CF /* NotificationsCenter.swift */; };
		508DD9712C2EB5DA005911CF /* CustomTextField.swift in Sources */ = {isa = PBXBuildFile; fileRef = 508DD9702C2EB5DA005911CF /* CustomTextField.swift */; };
		508DD9732C2EB7D2005911CF /* CustomTextEditor.swift in Sources */ = {isa = PBXBuildFile; fileRef = 508DD9722C2EB7D2005911CF /* CustomTextEditor.swift */; };
		509600282C2838FD00AD9021 /* TripManagerApp.swift in Sources */ = {isa = PBXBuildFile; fileRef = 509600272C2838FD00AD9021 /* TripManagerApp.swift */; };
		5096002C2C2838FF00AD9021 /* Assets.xcassets in Resources */ = {isa = PBXBuildFile; fileRef = 5096002B2C2838FF00AD9021 /* Assets.xcassets */; };
		5096002F2C2838FF00AD9021 /* Preview Assets.xcassets in Resources */ = {isa = PBXBuildFile; fileRef = 5096002E2C2838FF00AD9021 /* Preview Assets.xcassets */; };
		509600532C28395500AD9021 /* MainView.swift in Sources */ = {isa = PBXBuildFile; fileRef = 509600522C28395500AD9021 /* MainView.swift */; };
		509600592C28485300AD9021 /* MapListHView.swift in Sources */ = {isa = PBXBuildFile; fileRef = 509600582C28485300AD9021 /* MapListHView.swift */; };
		5096005B2C28485C00AD9021 /* MapListVView.swift in Sources */ = {isa = PBXBuildFile; fileRef = 5096005A2C28485C00AD9021 /* MapListVView.swift */; };
		5096005F2C284E7300AD9021 /* MapListViewModel.swift in Sources */ = {isa = PBXBuildFile; fileRef = 5096005E2C284E7300AD9021 /* MapListViewModel.swift */; };
		509600612C284F1F00AD9021 /* Locations.swift in Sources */ = {isa = PBXBuildFile; fileRef = 509600602C284F1F00AD9021 /* Locations.swift */; };
		509600672C288EB500AD9021 /* TripsDataManager.swift in Sources */ = {isa = PBXBuildFile; fileRef = 509600662C288EB500AD9021 /* TripsDataManager.swift */; };
		5096006A2C288F2E00AD9021 /* Trip.swift in Sources */ = {isa = PBXBuildFile; fileRef = 509600692C288F2E00AD9021 /* Trip.swift */; };
		5096006C2C2897F100AD9021 /* MapListView.swift in Sources */ = {isa = PBXBuildFile; fileRef = 5096006B2C2897F100AD9021 /* MapListView.swift */; };
		5096006F2C289D9A00AD9021 /* TripCell.swift in Sources */ = {isa = PBXBuildFile; fileRef = 5096006E2C289D9A00AD9021 /* TripCell.swift */; };
		509600712C29C78600AD9021 /* Api.swift in Sources */ = {isa = PBXBuildFile; fileRef = 509600702C29C78600AD9021 /* Api.swift */; };
		50A4A1962C32C1FC00938427 /* MainViewUITests.swift in Sources */ = {isa = PBXBuildFile; fileRef = 50A4A1952C32C1FC00938427 /* MainViewUITests.swift */; };
		50A4A1982C32C40600938427 /* ContactViewUITests.swift in Sources */ = {isa = PBXBuildFile; fileRef = 50A4A1972C32C40600938427 /* ContactViewUITests.swift */; };
/* End PBXBuildFile section */

/* Begin PBXContainerItemProxy section */
		509600352C2838FF00AD9021 /* PBXContainerItemProxy */ = {
			isa = PBXContainerItemProxy;
			containerPortal = 5096001C2C2838FC00AD9021 /* Project object */;
			proxyType = 1;
			remoteGlobalIDString = 509600232C2838FD00AD9021;
			remoteInfo = TripManager;
		};
		5096003F2C2838FF00AD9021 /* PBXContainerItemProxy */ = {
			isa = PBXContainerItemProxy;
			containerPortal = 5096001C2C2838FC00AD9021 /* Project object */;
			proxyType = 1;
			remoteGlobalIDString = 509600232C2838FD00AD9021;
			remoteInfo = TripManager;
		};
/* End PBXContainerItemProxy section */

/* Begin PBXFileReference section */
		50207CE52C2EEEA10027F2B6 /* MainViewBuilder.swift */ = {isa = PBXFileReference; lastKnownFileType = sourcecode.swift; path = MainViewBuilder.swift; sourceTree = "<group>"; };
		50207CE72C2EF1060027F2B6 /* MapListViewBuilder.swift */ = {isa = PBXFileReference; lastKnownFileType = sourcecode.swift; path = MapListViewBuilder.swift; sourceTree = "<group>"; };
		50207CE92C2EF2650027F2B6 /* ContactViewBuilder.swift */ = {isa = PBXFileReference; lastKnownFileType = sourcecode.swift; path = ContactViewBuilder.swift; sourceTree = "<group>"; };
		50207CF02C3009E30027F2B6 /* trips.json */ = {isa = PBXFileReference; fileEncoding = 4; lastKnownFileType = text.json; path = trips.json; sourceTree = "<group>"; };
		50207CF32C3009E30027F2B6 /* URLProtocolMock.swift */ = {isa = PBXFileReference; fileEncoding = 4; lastKnownFileType = sourcecode.swift; path = URLProtocolMock.swift; sourceTree = "<group>"; };
		50207CF52C3009E30027F2B6 /* URLSessionMock.swift */ = {isa = PBXFileReference; fileEncoding = 4; lastKnownFileType = sourcecode.swift; path = URLSessionMock.swift; sourceTree = "<group>"; };
		50207CFF2C300A610027F2B6 /* stops.json */ = {isa = PBXFileReference; fileEncoding = 4; lastKnownFileType = text.json; path = stops.json; sourceTree = "<group>"; };
		50207D012C300B720027F2B6 /* MapListViewModelTests.swift */ = {isa = PBXFileReference; lastKnownFileType = sourcecode.swift; path = MapListViewModelTests.swift; sourceTree = "<group>"; };
		50207D032C300BCF0027F2B6 /* TripsDataManagerMock.swift */ = {isa = PBXFileReference; lastKnownFileType = sourcecode.swift; path = TripsDataManagerMock.swift; sourceTree = "<group>"; };
		50207D052C300BE40027F2B6 /* StopsDataManager.swift */ = {isa = PBXFileReference; lastKnownFileType = sourcecode.swift; path = StopsDataManager.swift; sourceTree = "<group>"; };
		50207D072C300CC20027F2B6 /* TripsMock.swift */ = {isa = PBXFileReference; lastKnownFileType = sourcecode.swift; path = TripsMock.swift; sourceTree = "<group>"; };
		50207D092C30100C0027F2B6 /* StopsDataManagerMock.swift */ = {isa = PBXFileReference; lastKnownFileType = sourcecode.swift; path = StopsDataManagerMock.swift; sourceTree = "<group>"; };
		50207D0B2C30104C0027F2B6 /* StopsMock.swift */ = {isa = PBXFileReference; lastKnownFileType = sourcecode.swift; path = StopsMock.swift; sourceTree = "<group>"; };
		50207D0D2C303D8B0027F2B6 /* Extensions.swift */ = {isa = PBXFileReference; lastKnownFileType = sourcecode.swift; path = Extensions.swift; sourceTree = "<group>"; };
		50207D0F2C306E010027F2B6 /* ContactViewModelTests.swift */ = {isa = PBXFileReference; lastKnownFileType = sourcecode.swift; path = ContactViewModelTests.swift; sourceTree = "<group>"; };
		50207D112C306E4E0027F2B6 /* NotificationsCenterMock.swift */ = {isa = PBXFileReference; lastKnownFileType = sourcecode.swift; path = NotificationsCenterMock.swift; sourceTree = "<group>"; };
		50207D132C30756B0027F2B6 /* UserDefaultsManager.swift */ = {isa = PBXFileReference; lastKnownFileType = sourcecode.swift; path = UserDefaultsManager.swift; sourceTree = "<group>"; };
		50207D152C307C7C0027F2B6 /* UserDefaultsManagerMock.swift */ = {isa = PBXFileReference; lastKnownFileType = sourcecode.swift; path = UserDefaultsManagerMock.swift; sourceTree = "<group>"; };
		50207D172C307E9A0027F2B6 /* ContactMock.swift */ = {isa = PBXFileReference; lastKnownFileType = sourcecode.swift; path = ContactMock.swift; sourceTree = "<group>"; };
		50207D192C308D410027F2B6 /* UserDefaultsManagerTests.swift */ = {isa = PBXFileReference; lastKnownFileType = sourcecode.swift; path = UserDefaultsManagerTests.swift; sourceTree = "<group>"; };
		50207D1D2C316BA90027F2B6 /* CustomDatePicker.swift */ = {isa = PBXFileReference; lastKnownFileType = sourcecode.swift; path = CustomDatePicker.swift; sourceTree = "<group>"; };
		50207D202C317A640027F2B6 /* Strings.swift */ = {isa = PBXFileReference; lastKnownFileType = sourcecode.swift; path = Strings.swift; sourceTree = "<group>"; };
		50207D222C31830F0027F2B6 /* TripsDataManagerTests.swift */ = {isa = PBXFileReference; lastKnownFileType = sourcecode.swift; path = TripsDataManagerTests.swift; sourceTree = "<group>"; };
		50207D242C3185810027F2B6 /* StopsDataManagerTests.swift */ = {isa = PBXFileReference; lastKnownFileType = sourcecode.swift; path = StopsDataManagerTests.swift; sourceTree = "<group>"; };
		505130D82C2D825F00741634 /* String.swift */ = {isa = PBXFileReference; lastKnownFileType = sourcecode.swift; path = String.swift; sourceTree = "<group>"; };
		505130DA2C2D8C7700741634 /* Double+Currency.swift */ = {isa = PBXFileReference; lastKnownFileType = sourcecode.swift; path = "Double+Currency.swift"; sourceTree = "<group>"; };
		508C7A912C2CAE9B00FFB8A7 /* Stop.swift */ = {isa = PBXFileReference; lastKnownFileType = sourcecode.swift; path = Stop.swift; sourceTree = "<group>"; };
		508DD9612C2DAAC2005911CF /* StopInfoView.swift */ = {isa = PBXFileReference; lastKnownFileType = sourcecode.swift; path = StopInfoView.swift; sourceTree = "<group>"; };
		508DD9632C2DABB8005911CF /* Constants.swift */ = {isa = PBXFileReference; lastKnownFileType = sourcecode.swift; path = Constants.swift; sourceTree = "<group>"; };
		508DD9682C2DC651005911CF /* ContactView.swift */ = {isa = PBXFileReference; lastKnownFileType = sourcecode.swift; path = ContactView.swift; sourceTree = "<group>"; };
		508DD96A2C2DE923005911CF /* ContactViewModel.swift */ = {isa = PBXFileReference; lastKnownFileType = sourcecode.swift; path = ContactViewModel.swift; sourceTree = "<group>"; };
		508DD96C2C2DF34D005911CF /* Contact.swift */ = {isa = PBXFileReference; lastKnownFileType = sourcecode.swift; path = Contact.swift; sourceTree = "<group>"; };
		508DD96E2C2DF62B005911CF /* NotificationsCenter.swift */ = {isa = PBXFileReference; lastKnownFileType = sourcecode.swift; path = NotificationsCenter.swift; sourceTree = "<group>"; };
		508DD9702C2EB5DA005911CF /* CustomTextField.swift */ = {isa = PBXFileReference; lastKnownFileType = sourcecode.swift; path = CustomTextField.swift; sourceTree = "<group>"; };
		508DD9722C2EB7D2005911CF /* CustomTextEditor.swift */ = {isa = PBXFileReference; lastKnownFileType = sourcecode.swift; path = CustomTextEditor.swift; sourceTree = "<group>"; };
		509600242C2838FD00AD9021 /* TripManager.app */ = {isa = PBXFileReference; explicitFileType = wrapper.application; includeInIndex = 0; path = TripManager.app; sourceTree = BUILT_PRODUCTS_DIR; };
		509600272C2838FD00AD9021 /* TripManagerApp.swift */ = {isa = PBXFileReference; lastKnownFileType = sourcecode.swift; path = TripManagerApp.swift; sourceTree = "<group>"; };
		5096002B2C2838FF00AD9021 /* Assets.xcassets */ = {isa = PBXFileReference; lastKnownFileType = folder.assetcatalog; path = Assets.xcassets; sourceTree = "<group>"; };
		5096002E2C2838FF00AD9021 /* Preview Assets.xcassets */ = {isa = PBXFileReference; lastKnownFileType = folder.assetcatalog; path = "Preview Assets.xcassets"; sourceTree = "<group>"; };
		509600342C2838FF00AD9021 /* TripManagerTests.xctest */ = {isa = PBXFileReference; explicitFileType = wrapper.cfbundle; includeInIndex = 0; path = TripManagerTests.xctest; sourceTree = BUILT_PRODUCTS_DIR; };
		5096003E2C2838FF00AD9021 /* TripManagerUITests.xctest */ = {isa = PBXFileReference; explicitFileType = wrapper.cfbundle; includeInIndex = 0; path = TripManagerUITests.xctest; sourceTree = BUILT_PRODUCTS_DIR; };
		509600522C28395500AD9021 /* MainView.swift */ = {isa = PBXFileReference; lastKnownFileType = sourcecode.swift; path = MainView.swift; sourceTree = "<group>"; };
		509600582C28485300AD9021 /* MapListHView.swift */ = {isa = PBXFileReference; lastKnownFileType = sourcecode.swift; path = MapListHView.swift; sourceTree = "<group>"; };
		5096005A2C28485C00AD9021 /* MapListVView.swift */ = {isa = PBXFileReference; lastKnownFileType = sourcecode.swift; path = MapListVView.swift; sourceTree = "<group>"; };
		5096005E2C284E7300AD9021 /* MapListViewModel.swift */ = {isa = PBXFileReference; lastKnownFileType = sourcecode.swift; path = MapListViewModel.swift; sourceTree = "<group>"; };
		509600602C284F1F00AD9021 /* Locations.swift */ = {isa = PBXFileReference; lastKnownFileType = sourcecode.swift; path = Locations.swift; sourceTree = "<group>"; };
		509600662C288EB500AD9021 /* TripsDataManager.swift */ = {isa = PBXFileReference; lastKnownFileType = sourcecode.swift; path = TripsDataManager.swift; sourceTree = "<group>"; };
		509600692C288F2E00AD9021 /* Trip.swift */ = {isa = PBXFileReference; lastKnownFileType = sourcecode.swift; path = Trip.swift; sourceTree = "<group>"; };
		5096006B2C2897F100AD9021 /* MapListView.swift */ = {isa = PBXFileReference; lastKnownFileType = sourcecode.swift; path = MapListView.swift; sourceTree = "<group>"; };
		5096006E2C289D9A00AD9021 /* TripCell.swift */ = {isa = PBXFileReference; lastKnownFileType = sourcecode.swift; path = TripCell.swift; sourceTree = "<group>"; };
		509600702C29C78600AD9021 /* Api.swift */ = {isa = PBXFileReference; lastKnownFileType = sourcecode.swift; path = Api.swift; sourceTree = "<group>"; };
		50A4A1952C32C1FC00938427 /* MainViewUITests.swift */ = {isa = PBXFileReference; lastKnownFileType = sourcecode.swift; path = MainViewUITests.swift; sourceTree = "<group>"; };
		50A4A1972C32C40600938427 /* ContactViewUITests.swift */ = {isa = PBXFileReference; lastKnownFileType = sourcecode.swift; path = ContactViewUITests.swift; sourceTree = "<group>"; };
/* End PBXFileReference section */

/* Begin PBXFrameworksBuildPhase section */
		509600212C2838FD00AD9021 /* Frameworks */ = {
			isa = PBXFrameworksBuildPhase;
			buildActionMask = 2147483647;
			files = (
				508C7A8B2C2C268F00FFB8A7 /* Polyline in Frameworks */,
			);
			runOnlyForDeploymentPostprocessing = 0;
		};
		509600312C2838FF00AD9021 /* Frameworks */ = {
			isa = PBXFrameworksBuildPhase;
			buildActionMask = 2147483647;
			files = (
			);
			runOnlyForDeploymentPostprocessing = 0;
		};
		5096003B2C2838FF00AD9021 /* Frameworks */ = {
			isa = PBXFrameworksBuildPhase;
			buildActionMask = 2147483647;
			files = (
			);
			runOnlyForDeploymentPostprocessing = 0;
		};
/* End PBXFrameworksBuildPhase section */

/* Begin PBXGroup section */
		50207CE42C2EEE730027F2B6 /* Builders */ = {
			isa = PBXGroup;
			children = (
				50207CE52C2EEEA10027F2B6 /* MainViewBuilder.swift */,
				50207CE72C2EF1060027F2B6 /* MapListViewBuilder.swift */,
				50207CE92C2EF2650027F2B6 /* ContactViewBuilder.swift */,
			);
			path = Builders;
			sourceTree = "<group>";
		};
		50207CED2C3009E30027F2B6 /* Mocks */ = {
			isa = PBXGroup;
			children = (
				50207CEF2C3009E30027F2B6 /* JSONs */,
				50207CF32C3009E30027F2B6 /* URLProtocolMock.swift */,
				50207CF52C3009E30027F2B6 /* URLSessionMock.swift */,
				50207D032C300BCF0027F2B6 /* TripsDataManagerMock.swift */,
				50207D072C300CC20027F2B6 /* TripsMock.swift */,
				50207D092C30100C0027F2B6 /* StopsDataManagerMock.swift */,
				50207D0B2C30104C0027F2B6 /* StopsMock.swift */,
				50207D112C306E4E0027F2B6 /* NotificationsCenterMock.swift */,
				50207D172C307E9A0027F2B6 /* ContactMock.swift */,
				50207D152C307C7C0027F2B6 /* UserDefaultsManagerMock.swift */,
			);
			path = Mocks;
			sourceTree = "<group>";
		};
		50207CEF2C3009E30027F2B6 /* JSONs */ = {
			isa = PBXGroup;
			children = (
				50207CF02C3009E30027F2B6 /* trips.json */,
				50207CFF2C300A610027F2B6 /* stops.json */,
			);
			path = JSONs;
			sourceTree = "<group>";
		};
		508DD9672C2DC643005911CF /* Contact */ = {
			isa = PBXGroup;
			children = (
				508DD9682C2DC651005911CF /* ContactView.swift */,
				508DD9702C2EB5DA005911CF /* CustomTextField.swift */,
				508DD9722C2EB7D2005911CF /* CustomTextEditor.swift */,
				50207D1D2C316BA90027F2B6 /* CustomDatePicker.swift */,
			);
			path = Contact;
			sourceTree = "<group>";
		};
		5096001B2C2838FC00AD9021 = {
			isa = PBXGroup;
			children = (
				509600262C2838FD00AD9021 /* TripManager */,
				509600372C2838FF00AD9021 /* TripManagerTests */,
				509600412C2838FF00AD9021 /* TripManagerUITests */,
				509600252C2838FD00AD9021 /* Products */,
			);
			sourceTree = "<group>";
		};
		509600252C2838FD00AD9021 /* Products */ = {
			isa = PBXGroup;
			children = (
				509600242C2838FD00AD9021 /* TripManager.app */,
				509600342C2838FF00AD9021 /* TripManagerTests.xctest */,
				5096003E2C2838FF00AD9021 /* TripManagerUITests.xctest */,
			);
			name = Products;
			sourceTree = "<group>";
		};
		509600262C2838FD00AD9021 /* TripManager */ = {
			isa = PBXGroup;
			children = (
				509600682C288F1B00AD9021 /* Models */,
				509600652C288E8D00AD9021 /* Services */,
				5096005D2C284E6600AD9021 /* ViewModels */,
				509600542C283F2F00AD9021 /* Helpers */,
				50207CE42C2EEE730027F2B6 /* Builders */,
				509600512C28392400AD9021 /* Views */,
				509600272C2838FD00AD9021 /* TripManagerApp.swift */,
				5096002B2C2838FF00AD9021 /* Assets.xcassets */,
				5096002D2C2838FF00AD9021 /* Preview Content */,
			);
			path = TripManager;
			sourceTree = "<group>";
		};
		5096002D2C2838FF00AD9021 /* Preview Content */ = {
			isa = PBXGroup;
			children = (
				5096002E2C2838FF00AD9021 /* Preview Assets.xcassets */,
			);
			path = "Preview Content";
			sourceTree = "<group>";
		};
		509600372C2838FF00AD9021 /* TripManagerTests */ = {
			isa = PBXGroup;
			children = (
				50207CED2C3009E30027F2B6 /* Mocks */,
				50207D012C300B720027F2B6 /* MapListViewModelTests.swift */,
				50207D0F2C306E010027F2B6 /* ContactViewModelTests.swift */,
				50207D192C308D410027F2B6 /* UserDefaultsManagerTests.swift */,
				50207D222C31830F0027F2B6 /* TripsDataManagerTests.swift */,
				50207D242C3185810027F2B6 /* StopsDataManagerTests.swift */,
			);
			path = TripManagerTests;
			sourceTree = "<group>";
		};
		509600412C2838FF00AD9021 /* TripManagerUITests */ = {
			isa = PBXGroup;
			children = (
				50A4A1952C32C1FC00938427 /* MainViewUITests.swift */,
				50A4A1972C32C40600938427 /* ContactViewUITests.swift */,
			);
			path = TripManagerUITests;
			sourceTree = "<group>";
		};
		509600512C28392400AD9021 /* Views */ = {
			isa = PBXGroup;
			children = (
				508DD9672C2DC643005911CF /* Contact */,
				5096006D2C289D8300AD9021 /* TripCell */,
				509600552C28483600AD9021 /* MapList */,
				509600522C28395500AD9021 /* MainView.swift */,
			);
			path = Views;
			sourceTree = "<group>";
		};
		509600542C283F2F00AD9021 /* Helpers */ = {
			isa = PBXGroup;
			children = (
				509600602C284F1F00AD9021 /* Locations.swift */,
				505130D82C2D825F00741634 /* String.swift */,
				505130DA2C2D8C7700741634 /* Double+Currency.swift */,
				508DD9632C2DABB8005911CF /* Constants.swift */,
				508DD96E2C2DF62B005911CF /* NotificationsCenter.swift */,
				50207D132C30756B0027F2B6 /* UserDefaultsManager.swift */,
				50207D202C317A640027F2B6 /* Strings.swift */,
			);
			path = Helpers;
			sourceTree = "<group>";
		};
		509600552C28483600AD9021 /* MapList */ = {
			isa = PBXGroup;
			children = (
				5096005A2C28485C00AD9021 /* MapListVView.swift */,
				509600582C28485300AD9021 /* MapListHView.swift */,
				5096006B2C2897F100AD9021 /* MapListView.swift */,
				508DD9612C2DAAC2005911CF /* StopInfoView.swift */,
			);
			path = MapList;
			sourceTree = "<group>";
		};
		5096005D2C284E6600AD9021 /* ViewModels */ = {
			isa = PBXGroup;
			children = (
				5096005E2C284E7300AD9021 /* MapListViewModel.swift */,
				508DD96A2C2DE923005911CF /* ContactViewModel.swift */,
			);
			path = ViewModels;
			sourceTree = "<group>";
		};
		509600652C288E8D00AD9021 /* Services */ = {
			isa = PBXGroup;
			children = (
				509600662C288EB500AD9021 /* TripsDataManager.swift */,
				50207D052C300BE40027F2B6 /* StopsDataManager.swift */,
				509600702C29C78600AD9021 /* Api.swift */,
			);
			path = Services;
			sourceTree = "<group>";
		};
		509600682C288F1B00AD9021 /* Models */ = {
			isa = PBXGroup;
			children = (
				509600692C288F2E00AD9021 /* Trip.swift */,
				508C7A912C2CAE9B00FFB8A7 /* Stop.swift */,
				508DD96C2C2DF34D005911CF /* Contact.swift */,
				50207D0D2C303D8B0027F2B6 /* Extensions.swift */,
			);
			path = Models;
			sourceTree = "<group>";
		};
		5096006D2C289D8300AD9021 /* TripCell */ = {
			isa = PBXGroup;
			children = (
				5096006E2C289D9A00AD9021 /* TripCell.swift */,
			);
			path = TripCell;
			sourceTree = "<group>";
		};
/* End PBXGroup section */

/* Begin PBXNativeTarget section */
		509600232C2838FD00AD9021 /* TripManager */ = {
			isa = PBXNativeTarget;
			buildConfigurationList = 509600482C2838FF00AD9021 /* Build configuration list for PBXNativeTarget "TripManager" */;
			buildPhases = (
				509600202C2838FD00AD9021 /* Sources */,
				509600212C2838FD00AD9021 /* Frameworks */,
				509600222C2838FD00AD9021 /* Resources */,
			);
			buildRules = (
			);
			dependencies = (
			);
			name = TripManager;
			packageProductDependencies = (
				508C7A8A2C2C268F00FFB8A7 /* Polyline */,
			);
			productName = TripManager;
			productReference = 509600242C2838FD00AD9021 /* TripManager.app */;
			productType = "com.apple.product-type.application";
		};
		509600332C2838FF00AD9021 /* TripManagerTests */ = {
			isa = PBXNativeTarget;
			buildConfigurationList = 5096004B2C2838FF00AD9021 /* Build configuration list for PBXNativeTarget "TripManagerTests" */;
			buildPhases = (
				509600302C2838FF00AD9021 /* Sources */,
				509600312C2838FF00AD9021 /* Frameworks */,
				509600322C2838FF00AD9021 /* Resources */,
			);
			buildRules = (
			);
			dependencies = (
				509600362C2838FF00AD9021 /* PBXTargetDependency */,
			);
			name = TripManagerTests;
			productName = TripManagerTests;
			productReference = 509600342C2838FF00AD9021 /* TripManagerTests.xctest */;
			productType = "com.apple.product-type.bundle.unit-test";
		};
		5096003D2C2838FF00AD9021 /* TripManagerUITests */ = {
			isa = PBXNativeTarget;
			buildConfigurationList = 5096004E2C2838FF00AD9021 /* Build configuration list for PBXNativeTarget "TripManagerUITests" */;
			buildPhases = (
				5096003A2C2838FF00AD9021 /* Sources */,
				5096003B2C2838FF00AD9021 /* Frameworks */,
				5096003C2C2838FF00AD9021 /* Resources */,
			);
			buildRules = (
			);
			dependencies = (
				509600402C2838FF00AD9021 /* PBXTargetDependency */,
			);
			name = TripManagerUITests;
			productName = TripManagerUITests;
			productReference = 5096003E2C2838FF00AD9021 /* TripManagerUITests.xctest */;
			productType = "com.apple.product-type.bundle.ui-testing";
		};
/* End PBXNativeTarget section */

/* Begin PBXProject section */
		5096001C2C2838FC00AD9021 /* Project object */ = {
			isa = PBXProject;
			attributes = {
				BuildIndependentTargetsInParallel = 1;
				LastSwiftUpdateCheck = 1520;
				LastUpgradeCheck = 1520;
				TargetAttributes = {
					509600232C2838FD00AD9021 = {
						CreatedOnToolsVersion = 15.2;
					};
					509600332C2838FF00AD9021 = {
						CreatedOnToolsVersion = 15.2;
						TestTargetID = 509600232C2838FD00AD9021;
					};
					5096003D2C2838FF00AD9021 = {
						CreatedOnToolsVersion = 15.2;
						TestTargetID = 509600232C2838FD00AD9021;
					};
				};
			};
			buildConfigurationList = 5096001F2C2838FC00AD9021 /* Build configuration list for PBXProject "TripManager" */;
			compatibilityVersion = "Xcode 14.0";
			developmentRegion = en;
			hasScannedForEncodings = 0;
			knownRegions = (
				en,
				Base,
			);
			mainGroup = 5096001B2C2838FC00AD9021;
			packageReferences = (
				508C7A892C2C268F00FFB8A7 /* XCRemoteSwiftPackageReference "Polyline" */,
			);
			productRefGroup = 509600252C2838FD00AD9021 /* Products */;
			projectDirPath = "";
			projectRoot = "";
			targets = (
				509600232C2838FD00AD9021 /* TripManager */,
				509600332C2838FF00AD9021 /* TripManagerTests */,
				5096003D2C2838FF00AD9021 /* TripManagerUITests */,
			);
		};
/* End PBXProject section */

/* Begin PBXResourcesBuildPhase section */
		509600222C2838FD00AD9021 /* Resources */ = {
			isa = PBXResourcesBuildPhase;
			buildActionMask = 2147483647;
			files = (
				5096002F2C2838FF00AD9021 /* Preview Assets.xcassets in Resources */,
				5096002C2C2838FF00AD9021 /* Assets.xcassets in Resources */,
			);
			runOnlyForDeploymentPostprocessing = 0;
		};
		509600322C2838FF00AD9021 /* Resources */ = {
			isa = PBXResourcesBuildPhase;
			buildActionMask = 2147483647;
			files = (
				50207CF82C3009E30027F2B6 /* trips.json in Resources */,
				50207D002C300A610027F2B6 /* stops.json in Resources */,
			);
			runOnlyForDeploymentPostprocessing = 0;
		};
		5096003C2C2838FF00AD9021 /* Resources */ = {
			isa = PBXResourcesBuildPhase;
			buildActionMask = 2147483647;
			files = (
			);
			runOnlyForDeploymentPostprocessing = 0;
		};
/* End PBXResourcesBuildPhase section */

/* Begin PBXSourcesBuildPhase section */
		509600202C2838FD00AD9021 /* Sources */ = {
			isa = PBXSourcesBuildPhase;
			buildActionMask = 2147483647;
			files = (
				50207CE82C2EF1060027F2B6 /* MapListViewBuilder.swift in Sources */,
				50207D0E2C303D8B0027F2B6 /* Extensions.swift in Sources */,
				50207D062C300BE40027F2B6 /* StopsDataManager.swift in Sources */,
				5096006A2C288F2E00AD9021 /* Trip.swift in Sources */,
				509600612C284F1F00AD9021 /* Locations.swift in Sources */,
				505130DB2C2D8C7700741634 /* Double+Currency.swift in Sources */,
				505130D92C2D825F00741634 /* String.swift in Sources */,
				509600532C28395500AD9021 /* MainView.swift in Sources */,
				508DD9622C2DAAC2005911CF /* StopInfoView.swift in Sources */,
				509600672C288EB500AD9021 /* TripsDataManager.swift in Sources */,
				50207D142C30756B0027F2B6 /* UserDefaultsManager.swift in Sources */,
				508DD9642C2DABB8005911CF /* Constants.swift in Sources */,
				508DD96B2C2DE923005911CF /* ContactViewModel.swift in Sources */,
				5096006F2C289D9A00AD9021 /* TripCell.swift in Sources */,
				50207CE62C2EEEA10027F2B6 /* MainViewBuilder.swift in Sources */,
				508DD96F2C2DF62B005911CF /* NotificationsCenter.swift in Sources */,
				509600712C29C78600AD9021 /* Api.swift in Sources */,
				508DD96D2C2DF34D005911CF /* Contact.swift in Sources */,
				5096005B2C28485C00AD9021 /* MapListVView.swift in Sources */,
				50207D1E2C316BA90027F2B6 /* CustomDatePicker.swift in Sources */,
				508DD9712C2EB5DA005911CF /* CustomTextField.swift in Sources */,
				5096006C2C2897F100AD9021 /* MapListView.swift in Sources */,
				50207D212C317A640027F2B6 /* Strings.swift in Sources */,
				508DD9692C2DC651005911CF /* ContactView.swift in Sources */,
				509600592C28485300AD9021 /* MapListHView.swift in Sources */,
				509600282C2838FD00AD9021 /* TripManagerApp.swift in Sources */,
				5096005F2C284E7300AD9021 /* MapListViewModel.swift in Sources */,
				50207CEA2C2EF2650027F2B6 /* ContactViewBuilder.swift in Sources */,
				508DD9732C2EB7D2005911CF /* CustomTextEditor.swift in Sources */,
				508C7A922C2CAE9B00FFB8A7 /* Stop.swift in Sources */,
			);
			runOnlyForDeploymentPostprocessing = 0;
		};
		509600302C2838FF00AD9021 /* Sources */ = {
			isa = PBXSourcesBuildPhase;
			buildActionMask = 2147483647;
			files = (
				50207CFB2C3009E30027F2B6 /* URLProtocolMock.swift in Sources */,
				50207D102C306E010027F2B6 /* ContactViewModelTests.swift in Sources */,
				50207D162C307C7C0027F2B6 /* UserDefaultsManagerMock.swift in Sources */,
				50207D082C300CC20027F2B6 /* TripsMock.swift in Sources */,
				50207D022C300B720027F2B6 /* MapListViewModelTests.swift in Sources */,
				50207D0A2C30100C0027F2B6 /* StopsDataManagerMock.swift in Sources */,
				50207D1A2C308D410027F2B6 /* UserDefaultsManagerTests.swift in Sources */,
				50207D252C3185810027F2B6 /* StopsDataManagerTests.swift in Sources */,
				50207D0C2C30104C0027F2B6 /* StopsMock.swift in Sources */,
				50207D042C300BCF0027F2B6 /* TripsDataManagerMock.swift in Sources */,
				50207D232C31830F0027F2B6 /* TripsDataManagerTests.swift in Sources */,
				50207CFD2C3009E30027F2B6 /* URLSessionMock.swift in Sources */,
				50207D122C306E4E0027F2B6 /* NotificationsCenterMock.swift in Sources */,
				50207D182C307E9A0027F2B6 /* ContactMock.swift in Sources */,
			);
			runOnlyForDeploymentPostprocessing = 0;
		};
		5096003A2C2838FF00AD9021 /* Sources */ = {
			isa = PBXSourcesBuildPhase;
			buildActionMask = 2147483647;
			files = (
				50A4A1982C32C40600938427 /* ContactViewUITests.swift in Sources */,
				50A4A1962C32C1FC00938427 /* MainViewUITests.swift in Sources */,
			);
			runOnlyForDeploymentPostprocessing = 0;
		};
/* End PBXSourcesBuildPhase section */

/* Begin PBXTargetDependency section */
		509600362C2838FF00AD9021 /* PBXTargetDependency */ = {
			isa = PBXTargetDependency;
			target = 509600232C2838FD00AD9021 /* TripManager */;
			targetProxy = 509600352C2838FF00AD9021 /* PBXContainerItemProxy */;
		};
		509600402C2838FF00AD9021 /* PBXTargetDependency */ = {
			isa = PBXTargetDependency;
			target = 509600232C2838FD00AD9021 /* TripManager */;
			targetProxy = 5096003F2C2838FF00AD9021 /* PBXContainerItemProxy */;
		};
/* End PBXTargetDependency section */

/* Begin XCBuildConfiguration section */
		509600462C2838FF00AD9021 /* Debug */ = {
			isa = XCBuildConfiguration;
			buildSettings = {
				ALWAYS_SEARCH_USER_PATHS = NO;
				ASSETCATALOG_COMPILER_GENERATE_SWIFT_ASSET_SYMBOL_EXTENSIONS = YES;
				CLANG_ANALYZER_NONNULL = YES;
				CLANG_ANALYZER_NUMBER_OBJECT_CONVERSION = YES_AGGRESSIVE;
				CLANG_CXX_LANGUAGE_STANDARD = "gnu++20";
				CLANG_ENABLE_MODULES = YES;
				CLANG_ENABLE_OBJC_ARC = YES;
				CLANG_ENABLE_OBJC_WEAK = YES;
				CLANG_WARN_BLOCK_CAPTURE_AUTORELEASING = YES;
				CLANG_WARN_BOOL_CONVERSION = YES;
				CLANG_WARN_COMMA = YES;
				CLANG_WARN_CONSTANT_CONVERSION = YES;
				CLANG_WARN_DEPRECATED_OBJC_IMPLEMENTATIONS = YES;
				CLANG_WARN_DIRECT_OBJC_ISA_USAGE = YES_ERROR;
				CLANG_WARN_DOCUMENTATION_COMMENTS = YES;
				CLANG_WARN_EMPTY_BODY = YES;
				CLANG_WARN_ENUM_CONVERSION = YES;
				CLANG_WARN_INFINITE_RECURSION = YES;
				CLANG_WARN_INT_CONVERSION = YES;
				CLANG_WARN_NON_LITERAL_NULL_CONVERSION = YES;
				CLANG_WARN_OBJC_IMPLICIT_RETAIN_SELF = YES;
				CLANG_WARN_OBJC_LITERAL_CONVERSION = YES;
				CLANG_WARN_OBJC_ROOT_CLASS = YES_ERROR;
				CLANG_WARN_QUOTED_INCLUDE_IN_FRAMEWORK_HEADER = YES;
				CLANG_WARN_RANGE_LOOP_ANALYSIS = YES;
				CLANG_WARN_STRICT_PROTOTYPES = YES;
				CLANG_WARN_SUSPICIOUS_MOVE = YES;
				CLANG_WARN_UNGUARDED_AVAILABILITY = YES_AGGRESSIVE;
				CLANG_WARN_UNREACHABLE_CODE = YES;
				CLANG_WARN__DUPLICATE_METHOD_MATCH = YES;
				COPY_PHASE_STRIP = NO;
				DEBUG_INFORMATION_FORMAT = dwarf;
				ENABLE_STRICT_OBJC_MSGSEND = YES;
				ENABLE_TESTABILITY = YES;
				ENABLE_USER_SCRIPT_SANDBOXING = YES;
				GCC_C_LANGUAGE_STANDARD = gnu17;
				GCC_DYNAMIC_NO_PIC = NO;
				GCC_NO_COMMON_BLOCKS = YES;
				GCC_OPTIMIZATION_LEVEL = 0;
				GCC_PREPROCESSOR_DEFINITIONS = (
					"DEBUG=1",
					"$(inherited)",
				);
				GCC_WARN_64_TO_32_BIT_CONVERSION = YES;
				GCC_WARN_ABOUT_RETURN_TYPE = YES_ERROR;
				GCC_WARN_UNDECLARED_SELECTOR = YES;
				GCC_WARN_UNINITIALIZED_AUTOS = YES_AGGRESSIVE;
				GCC_WARN_UNUSED_FUNCTION = YES;
				GCC_WARN_UNUSED_VARIABLE = YES;
				IPHONEOS_DEPLOYMENT_TARGET = 17.2;
				LOCALIZATION_PREFERS_STRING_CATALOGS = YES;
				MTL_ENABLE_DEBUG_INFO = INCLUDE_SOURCE;
				MTL_FAST_MATH = YES;
				ONLY_ACTIVE_ARCH = YES;
				SDKROOT = iphoneos;
				SWIFT_ACTIVE_COMPILATION_CONDITIONS = "DEBUG $(inherited)";
				SWIFT_OPTIMIZATION_LEVEL = "-Onone";
			};
			name = Debug;
		};
		509600472C2838FF00AD9021 /* Release */ = {
			isa = XCBuildConfiguration;
			buildSettings = {
				ALWAYS_SEARCH_USER_PATHS = NO;
				ASSETCATALOG_COMPILER_GENERATE_SWIFT_ASSET_SYMBOL_EXTENSIONS = YES;
				CLANG_ANALYZER_NONNULL = YES;
				CLANG_ANALYZER_NUMBER_OBJECT_CONVERSION = YES_AGGRESSIVE;
				CLANG_CXX_LANGUAGE_STANDARD = "gnu++20";
				CLANG_ENABLE_MODULES = YES;
				CLANG_ENABLE_OBJC_ARC = YES;
				CLANG_ENABLE_OBJC_WEAK = YES;
				CLANG_WARN_BLOCK_CAPTURE_AUTORELEASING = YES;
				CLANG_WARN_BOOL_CONVERSION = YES;
				CLANG_WARN_COMMA = YES;
				CLANG_WARN_CONSTANT_CONVERSION = YES;
				CLANG_WARN_DEPRECATED_OBJC_IMPLEMENTATIONS = YES;
				CLANG_WARN_DIRECT_OBJC_ISA_USAGE = YES_ERROR;
				CLANG_WARN_DOCUMENTATION_COMMENTS = YES;
				CLANG_WARN_EMPTY_BODY = YES;
				CLANG_WARN_ENUM_CONVERSION = YES;
				CLANG_WARN_INFINITE_RECURSION = YES;
				CLANG_WARN_INT_CONVERSION = YES;
				CLANG_WARN_NON_LITERAL_NULL_CONVERSION = YES;
				CLANG_WARN_OBJC_IMPLICIT_RETAIN_SELF = YES;
				CLANG_WARN_OBJC_LITERAL_CONVERSION = YES;
				CLANG_WARN_OBJC_ROOT_CLASS = YES_ERROR;
				CLANG_WARN_QUOTED_INCLUDE_IN_FRAMEWORK_HEADER = YES;
				CLANG_WARN_RANGE_LOOP_ANALYSIS = YES;
				CLANG_WARN_STRICT_PROTOTYPES = YES;
				CLANG_WARN_SUSPICIOUS_MOVE = YES;
				CLANG_WARN_UNGUARDED_AVAILABILITY = YES_AGGRESSIVE;
				CLANG_WARN_UNREACHABLE_CODE = YES;
				CLANG_WARN__DUPLICATE_METHOD_MATCH = YES;
				COPY_PHASE_STRIP = NO;
				DEBUG_INFORMATION_FORMAT = "dwarf-with-dsym";
				ENABLE_NS_ASSERTIONS = NO;
				ENABLE_STRICT_OBJC_MSGSEND = YES;
				ENABLE_USER_SCRIPT_SANDBOXING = YES;
				GCC_C_LANGUAGE_STANDARD = gnu17;
				GCC_NO_COMMON_BLOCKS = YES;
				GCC_WARN_64_TO_32_BIT_CONVERSION = YES;
				GCC_WARN_ABOUT_RETURN_TYPE = YES_ERROR;
				GCC_WARN_UNDECLARED_SELECTOR = YES;
				GCC_WARN_UNINITIALIZED_AUTOS = YES_AGGRESSIVE;
				GCC_WARN_UNUSED_FUNCTION = YES;
				GCC_WARN_UNUSED_VARIABLE = YES;
				IPHONEOS_DEPLOYMENT_TARGET = 17.2;
				LOCALIZATION_PREFERS_STRING_CATALOGS = YES;
				MTL_ENABLE_DEBUG_INFO = NO;
				MTL_FAST_MATH = YES;
				SDKROOT = iphoneos;
				SWIFT_COMPILATION_MODE = wholemodule;
				VALIDATE_PRODUCT = YES;
			};
			name = Release;
		};
		509600492C2838FF00AD9021 /* Debug */ = {
			isa = XCBuildConfiguration;
			buildSettings = {
				ASSETCATALOG_COMPILER_APPICON_NAME = AppIcon;
				ASSETCATALOG_COMPILER_GLOBAL_ACCENT_COLOR_NAME = AccentColor;
				CODE_SIGN_STYLE = Automatic;
				CURRENT_PROJECT_VERSION = 1;
				DEVELOPMENT_ASSET_PATHS = "\"TripManager/Preview Content\"";
				ENABLE_PREVIEWS = YES;
				GENERATE_INFOPLIST_FILE = YES;
				INFOPLIST_KEY_UIApplicationSceneManifest_Generation = YES;
				INFOPLIST_KEY_UIApplicationSupportsIndirectInputEvents = YES;
				INFOPLIST_KEY_UILaunchScreen_Generation = YES;
				INFOPLIST_KEY_UISupportedInterfaceOrientations_iPad = "UIInterfaceOrientationPortrait UIInterfaceOrientationPortraitUpsideDown UIInterfaceOrientationLandscapeLeft UIInterfaceOrientationLandscapeRight";
				INFOPLIST_KEY_UISupportedInterfaceOrientations_iPhone = "UIInterfaceOrientationPortrait UIInterfaceOrientationLandscapeLeft UIInterfaceOrientationLandscapeRight";
				LD_RUNPATH_SEARCH_PATHS = (
					"$(inherited)",
					"@executable_path/Frameworks",
				);
				MARKETING_VERSION = 1.0;
				PRODUCT_BUNDLE_IDENTIFIER = com.albert.TripManager;
				PRODUCT_NAME = "$(TARGET_NAME)";
				SWIFT_EMIT_LOC_STRINGS = YES;
				SWIFT_VERSION = 5.0;
				TARGETED_DEVICE_FAMILY = "1,2";
			};
			name = Debug;
		};
		5096004A2C2838FF00AD9021 /* Release */ = {
			isa = XCBuildConfiguration;
			buildSettings = {
				ASSETCATALOG_COMPILER_APPICON_NAME = AppIcon;
				ASSETCATALOG_COMPILER_GLOBAL_ACCENT_COLOR_NAME = AccentColor;
				CODE_SIGN_STYLE = Automatic;
				CURRENT_PROJECT_VERSION = 1;
				DEVELOPMENT_ASSET_PATHS = "\"TripManager/Preview Content\"";
				ENABLE_PREVIEWS = YES;
				GENERATE_INFOPLIST_FILE = YES;
				INFOPLIST_KEY_UIApplicationSceneManifest_Generation = YES;
				INFOPLIST_KEY_UIApplicationSupportsIndirectInputEvents = YES;
				INFOPLIST_KEY_UILaunchScreen_Generation = YES;
				INFOPLIST_KEY_UISupportedInterfaceOrientations_iPad = "UIInterfaceOrientationPortrait UIInterfaceOrientationPortraitUpsideDown UIInterfaceOrientationLandscapeLeft UIInterfaceOrientationLandscapeRight";
				INFOPLIST_KEY_UISupportedInterfaceOrientations_iPhone = "UIInterfaceOrientationPortrait UIInterfaceOrientationLandscapeLeft UIInterfaceOrientationLandscapeRight";
				LD_RUNPATH_SEARCH_PATHS = (
					"$(inherited)",
					"@executable_path/Frameworks",
				);
				MARKETING_VERSION = 1.0;
				PRODUCT_BUNDLE_IDENTIFIER = com.albert.TripManager;
				PRODUCT_NAME = "$(TARGET_NAME)";
				SWIFT_EMIT_LOC_STRINGS = YES;
				SWIFT_VERSION = 5.0;
				TARGETED_DEVICE_FAMILY = "1,2";
			};
			name = Release;
		};
		5096004C2C2838FF00AD9021 /* Debug */ = {
			isa = XCBuildConfiguration;
			buildSettings = {
				ALWAYS_EMBED_SWIFT_STANDARD_LIBRARIES = YES;
				BUNDLE_LOADER = "$(TEST_HOST)";
				CODE_SIGN_STYLE = Automatic;
				CURRENT_PROJECT_VERSION = 1;
				GENERATE_INFOPLIST_FILE = YES;
				IPHONEOS_DEPLOYMENT_TARGET = 17.2;
				MARKETING_VERSION = 1.0;
				PRODUCT_BUNDLE_IDENTIFIER = com.albert.TripManagerTests;
				PRODUCT_NAME = "$(TARGET_NAME)";
				SWIFT_EMIT_LOC_STRINGS = NO;
				SWIFT_VERSION = 5.0;
				TARGETED_DEVICE_FAMILY = "1,2";
				TEST_HOST = "$(BUILT_PRODUCTS_DIR)/TripManager.app/$(BUNDLE_EXECUTABLE_FOLDER_PATH)/TripManager";
			};
			name = Debug;
		};
		5096004D2C2838FF00AD9021 /* Release */ = {
			isa = XCBuildConfiguration;
			buildSettings = {
				ALWAYS_EMBED_SWIFT_STANDARD_LIBRARIES = YES;
				BUNDLE_LOADER = "$(TEST_HOST)";
				CODE_SIGN_STYLE = Automatic;
				CURRENT_PROJECT_VERSION = 1;
				GENERATE_INFOPLIST_FILE = YES;
				IPHONEOS_DEPLOYMENT_TARGET = 17.2;
				MARKETING_VERSION = 1.0;
				PRODUCT_BUNDLE_IDENTIFIER = com.albert.TripManagerTests;
				PRODUCT_NAME = "$(TARGET_NAME)";
				SWIFT_EMIT_LOC_STRINGS = NO;
				SWIFT_VERSION = 5.0;
				TARGETED_DEVICE_FAMILY = "1,2";
				TEST_HOST = "$(BUILT_PRODUCTS_DIR)/TripManager.app/$(BUNDLE_EXECUTABLE_FOLDER_PATH)/TripManager";
			};
			name = Release;
		};
		5096004F2C2838FF00AD9021 /* Debug */ = {
			isa = XCBuildConfiguration;
			buildSettings = {
				ALWAYS_EMBED_SWIFT_STANDARD_LIBRARIES = YES;
				CODE_SIGN_STYLE = Automatic;
				CURRENT_PROJECT_VERSION = 1;
				GENERATE_INFOPLIST_FILE = YES;
				MARKETING_VERSION = 1.0;
				PRODUCT_BUNDLE_IDENTIFIER = com.albert.TripManagerUITests;
				PRODUCT_NAME = "$(TARGET_NAME)";
				SWIFT_EMIT_LOC_STRINGS = NO;
				SWIFT_VERSION = 5.0;
				TARGETED_DEVICE_FAMILY = "1,2";
				TEST_TARGET_NAME = TripManager;
			};
			name = Debug;
		};
		509600502C2838FF00AD9021 /* Release */ = {
			isa = XCBuildConfiguration;
			buildSettings = {
				ALWAYS_EMBED_SWIFT_STANDARD_LIBRARIES = YES;
				CODE_SIGN_STYLE = Automatic;
				CURRENT_PROJECT_VERSION = 1;
				GENERATE_INFOPLIST_FILE = YES;
				MARKETING_VERSION = 1.0;
				PRODUCT_BUNDLE_IDENTIFIER = com.albert.TripManagerUITests;
				PRODUCT_NAME = "$(TARGET_NAME)";
				SWIFT_EMIT_LOC_STRINGS = NO;
				SWIFT_VERSION = 5.0;
				TARGETED_DEVICE_FAMILY = "1,2";
				TEST_TARGET_NAME = TripManager;
			};
			name = Release;
		};
/* End XCBuildConfiguration section */

/* Begin XCConfigurationList section */
		5096001F2C2838FC00AD9021 /* Build configuration list for PBXProject "TripManager" */ = {
			isa = XCConfigurationList;
			buildConfigurations = (
				509600462C2838FF00AD9021 /* Debug */,
				509600472C2838FF00AD9021 /* Release */,
			);
			defaultConfigurationIsVisible = 0;
			defaultConfigurationName = Release;
		};
		509600482C2838FF00AD9021 /* Build configuration list for PBXNativeTarget "TripManager" */ = {
			isa = XCConfigurationList;
			buildConfigurations = (
				509600492C2838FF00AD9021 /* Debug */,
				5096004A2C2838FF00AD9021 /* Release */,
			);
			defaultConfigurationIsVisible = 0;
			defaultConfigurationName = Release;
		};
		5096004B2C2838FF00AD9021 /* Build configuration list for PBXNativeTarget "TripManagerTests" */ = {
			isa = XCConfigurationList;
			buildConfigurations = (
				5096004C2C2838FF00AD9021 /* Debug */,
				5096004D2C2838FF00AD9021 /* Release */,
			);
			defaultConfigurationIsVisible = 0;
			defaultConfigurationName = Release;
		};
		5096004E2C2838FF00AD9021 /* Build configuration list for PBXNativeTarget "TripManagerUITests" */ = {
			isa = XCConfigurationList;
			buildConfigurations = (
				5096004F2C2838FF00AD9021 /* Debug */,
				509600502C2838FF00AD9021 /* Release */,
			);
			defaultConfigurationIsVisible = 0;
			defaultConfigurationName = Release;
		};
/* End XCConfigurationList section */

/* Begin XCRemoteSwiftPackageReference section */
		508C7A892C2C268F00FFB8A7 /* XCRemoteSwiftPackageReference "Polyline" */ = {
			isa = XCRemoteSwiftPackageReference;
			repositoryURL = "https://github.com/raphaelmor/Polyline.git";
			requirement = {
				branch = master;
				kind = branch;
			};
		};
/* End XCRemoteSwiftPackageReference section */

/* Begin XCSwiftPackageProductDependency section */
		508C7A8A2C2C268F00FFB8A7 /* Polyline */ = {
			isa = XCSwiftPackageProductDependency;
			package = 508C7A892C2C268F00FFB8A7 /* XCRemoteSwiftPackageReference "Polyline" */;
			productName = Polyline;
		};
/* End XCSwiftPackageProductDependency section */
	};
	rootObject = 5096001C2C2838FC00AD9021 /* Project object */;
}
